// !$*UTF8*$!
{
	archiveVersion = 1;
	classes = {
	};
	objectVersion = 56;
	objects = {

/* Begin PBXBuildFile section */
		B4907D0C2B3CB81200154125 /* LittleLemonApp.swift in Sources */ = {isa = PBXBuildFile; fileRef = B4907D0B2B3CB81200154125 /* LittleLemonApp.swift */; };
		B4907D102B3CB81400154125 /* Assets.xcassets in Resources */ = {isa = PBXBuildFile; fileRef = B4907D0F2B3CB81400154125 /* Assets.xcassets */; };
		B4907D132B3CB81400154125 /* Preview Assets.xcassets in Resources */ = {isa = PBXBuildFile; fileRef = B4907D122B3CB81400154125 /* Preview Assets.xcassets */; };
		B4A14B422B3FF09E00F993DA /* CategoryView.swift in Sources */ = {isa = PBXBuildFile; fileRef = B4A14B412B3FF09E00F993DA /* CategoryView.swift */; };
		B4A14B462B41425C00F993DA /* HeaderView.swift in Sources */ = {isa = PBXBuildFile; fileRef = B4A14B452B41425C00F993DA /* HeaderView.swift */; };
		B4BA3A252B3D9F9B00A56D6A /* OnboardingView.swift in Sources */ = {isa = PBXBuildFile; fileRef = B4BA3A242B3D9F9B00A56D6A /* OnboardingView.swift */; };
		B4BA3A272B3D9FC500A56D6A /* OnboardingViewModel.swift in Sources */ = {isa = PBXBuildFile; fileRef = B4BA3A262B3D9FC500A56D6A /* OnboardingViewModel.swift */; };
		B4BA3A2D2B3DDF2700A56D6A /* MarkaziText-SemiBold.ttf in Resources */ = {isa = PBXBuildFile; fileRef = B4BA3A292B3DDF2700A56D6A /* MarkaziText-SemiBold.ttf */; };
		B4BA3A2E2B3DDF2700A56D6A /* MarkaziText-Medium.ttf in Resources */ = {isa = PBXBuildFile; fileRef = B4BA3A2A2B3DDF2700A56D6A /* MarkaziText-Medium.ttf */; };
		B4BA3A2F2B3DDF2700A56D6A /* MarkaziText-Bold.ttf in Resources */ = {isa = PBXBuildFile; fileRef = B4BA3A2B2B3DDF2700A56D6A /* MarkaziText-Bold.ttf */; };
		B4BA3A302B3DDF2700A56D6A /* MarkaziText-Regular.ttf in Resources */ = {isa = PBXBuildFile; fileRef = B4BA3A2C2B3DDF2700A56D6A /* MarkaziText-Regular.ttf */; };
		B4BA3A342B3E18B400A56D6A /* Color+Extensions.swift in Sources */ = {isa = PBXBuildFile; fileRef = B4BA3A332B3E18B400A56D6A /* Color+Extensions.swift */; };
		B4BA3A362B3E1E1100A56D6A /* HomeView.swift in Sources */ = {isa = PBXBuildFile; fileRef = B4BA3A352B3E1E1100A56D6A /* HomeView.swift */; };
		B4BA3A382B3E1E6800A56D6A /* MenuView.swift in Sources */ = {isa = PBXBuildFile; fileRef = B4BA3A372B3E1E6800A56D6A /* MenuView.swift */; };
		B4BA3A3B2B3E221400A56D6A /* MenuItem.swift in Sources */ = {isa = PBXBuildFile; fileRef = B4BA3A3A2B3E221400A56D6A /* MenuItem.swift */; };
		B4BA3A3D2B3E222A00A56D6A /* MenuList.swift in Sources */ = {isa = PBXBuildFile; fileRef = B4BA3A3C2B3E222A00A56D6A /* MenuList.swift */; };
		B4BA3A402B3E277000A56D6A /* MenuViewModel.swift in Sources */ = {isa = PBXBuildFile; fileRef = B4BA3A3F2B3E277000A56D6A /* MenuViewModel.swift */; };
		B4BA3A432B3E2BD500A56D6A /* FetchedObjects.swift in Sources */ = {isa = PBXBuildFile; fileRef = B4BA3A412B3E2BD500A56D6A /* FetchedObjects.swift */; };
		B4BA3A442B3E2BD500A56D6A /* Persistence.swift in Sources */ = {isa = PBXBuildFile; fileRef = B4BA3A422B3E2BD500A56D6A /* Persistence.swift */; };
		B4BA3A4B2B3E2CAD00A56D6A /* LittleLemon.xcdatamodeld in Sources */ = {isa = PBXBuildFile; fileRef = B4BA3A492B3E2CAD00A56D6A /* LittleLemon.xcdatamodeld */; };
		B4BA3A4E2B3E301400A56D6A /* Dish+CoreDataClass.swift in Sources */ = {isa = PBXBuildFile; fileRef = B4BA3A4C2B3E301400A56D6A /* Dish+CoreDataClass.swift */; };
		B4BA3A4F2B3E301400A56D6A /* Dish+CoreDataProperties.swift in Sources */ = {isa = PBXBuildFile; fileRef = B4BA3A4D2B3E301400A56D6A /* Dish+CoreDataProperties.swift */; };
		B4BA3A512B3EC13000A56D6A /* UserProfileView.swift in Sources */ = {isa = PBXBuildFile; fileRef = B4BA3A502B3EC13000A56D6A /* UserProfileView.swift */; };
		B4BA3A532B3EC70D00A56D6A /* UserProfileViewModel.swift in Sources */ = {isa = PBXBuildFile; fileRef = B4BA3A522B3EC70D00A56D6A /* UserProfileViewModel.swift */; };
		B4BA3A552B3EC88400A56D6A /* Constants.swift in Sources */ = {isa = PBXBuildFile; fileRef = B4BA3A542B3EC88400A56D6A /* Constants.swift */; };
		B4BA3A572B3ED56100A56D6A /* Font+Extension.swift in Sources */ = {isa = PBXBuildFile; fileRef = B4BA3A562B3ED56100A56D6A /* Font+Extension.swift */; };
		B4BA3A592B3F60B000A56D6A /* DishView.swift in Sources */ = {isa = PBXBuildFile; fileRef = B4BA3A582B3F60B000A56D6A /* DishView.swift */; };
/* End PBXBuildFile section */

/* Begin PBXFileReference section */
		B4907D082B3CB81200154125 /* LittleLemon.app */ = {isa = PBXFileReference; explicitFileType = wrapper.application; includeInIndex = 0; path = LittleLemon.app; sourceTree = BUILT_PRODUCTS_DIR; };
		B4907D0B2B3CB81200154125 /* LittleLemonApp.swift */ = {isa = PBXFileReference; lastKnownFileType = sourcecode.swift; path = LittleLemonApp.swift; sourceTree = "<group>"; };
		B4907D0F2B3CB81400154125 /* Assets.xcassets */ = {isa = PBXFileReference; lastKnownFileType = folder.assetcatalog; path = Assets.xcassets; sourceTree = "<group>"; };
		B4907D122B3CB81400154125 /* Preview Assets.xcassets */ = {isa = PBXFileReference; lastKnownFileType = folder.assetcatalog; path = "Preview Assets.xcassets"; sourceTree = "<group>"; };
		B4A14B412B3FF09E00F993DA /* CategoryView.swift */ = {isa = PBXFileReference; lastKnownFileType = sourcecode.swift; path = CategoryView.swift; sourceTree = "<group>"; };
		B4A14B452B41425C00F993DA /* HeaderView.swift */ = {isa = PBXFileReference; lastKnownFileType = sourcecode.swift; path = HeaderView.swift; sourceTree = "<group>"; };
		B4BA3A242B3D9F9B00A56D6A /* OnboardingView.swift */ = {isa = PBXFileReference; lastKnownFileType = sourcecode.swift; path = OnboardingView.swift; sourceTree = "<group>"; };
		B4BA3A262B3D9FC500A56D6A /* OnboardingViewModel.swift */ = {isa = PBXFileReference; lastKnownFileType = sourcecode.swift; path = OnboardingViewModel.swift; sourceTree = "<group>"; };
		B4BA3A292B3DDF2700A56D6A /* MarkaziText-SemiBold.ttf */ = {isa = PBXFileReference; lastKnownFileType = file; name = "MarkaziText-SemiBold.ttf"; path = "../../../../../Downloads/Markazi_Text/static/MarkaziText-SemiBold.ttf"; sourceTree = "<group>"; };
		B4BA3A2A2B3DDF2700A56D6A /* MarkaziText-Medium.ttf */ = {isa = PBXFileReference; lastKnownFileType = file; name = "MarkaziText-Medium.ttf"; path = "../../../../../Downloads/Markazi_Text/static/MarkaziText-Medium.ttf"; sourceTree = "<group>"; };
		B4BA3A2B2B3DDF2700A56D6A /* MarkaziText-Bold.ttf */ = {isa = PBXFileReference; lastKnownFileType = file; name = "MarkaziText-Bold.ttf"; path = "../../../../../Downloads/Markazi_Text/static/MarkaziText-Bold.ttf"; sourceTree = "<group>"; };
		B4BA3A2C2B3DDF2700A56D6A /* MarkaziText-Regular.ttf */ = {isa = PBXFileReference; lastKnownFileType = file; name = "MarkaziText-Regular.ttf"; path = "../../../../../Downloads/Markazi_Text/static/MarkaziText-Regular.ttf"; sourceTree = "<group>"; };
		B4BA3A312B3DDF6B00A56D6A /* Info.plist */ = {isa = PBXFileReference; lastKnownFileType = text.plist; path = Info.plist; sourceTree = "<group>"; };
		B4BA3A332B3E18B400A56D6A /* Color+Extensions.swift */ = {isa = PBXFileReference; lastKnownFileType = sourcecode.swift; path = "Color+Extensions.swift"; sourceTree = "<group>"; };
		B4BA3A352B3E1E1100A56D6A /* HomeView.swift */ = {isa = PBXFileReference; lastKnownFileType = sourcecode.swift; path = HomeView.swift; sourceTree = "<group>"; };
		B4BA3A372B3E1E6800A56D6A /* MenuView.swift */ = {isa = PBXFileReference; lastKnownFileType = sourcecode.swift; path = MenuView.swift; sourceTree = "<group>"; };
		B4BA3A3A2B3E221400A56D6A /* MenuItem.swift */ = {isa = PBXFileReference; lastKnownFileType = sourcecode.swift; path = MenuItem.swift; sourceTree = "<group>"; };
		B4BA3A3C2B3E222A00A56D6A /* MenuList.swift */ = {isa = PBXFileReference; lastKnownFileType = sourcecode.swift; path = MenuList.swift; sourceTree = "<group>"; };
		B4BA3A3F2B3E277000A56D6A /* MenuViewModel.swift */ = {isa = PBXFileReference; lastKnownFileType = sourcecode.swift; path = MenuViewModel.swift; sourceTree = "<group>"; };
		B4BA3A412B3E2BD500A56D6A /* FetchedObjects.swift */ = {isa = PBXFileReference; fileEncoding = 4; lastKnownFileType = sourcecode.swift; path = FetchedObjects.swift; sourceTree = "<group>"; };
		B4BA3A422B3E2BD500A56D6A /* Persistence.swift */ = {isa = PBXFileReference; fileEncoding = 4; lastKnownFileType = sourcecode.swift; path = Persistence.swift; sourceTree = "<group>"; };
		B4BA3A4A2B3E2CAD00A56D6A /* LittleLemon.xcdatamodel */ = {isa = PBXFileReference; lastKnownFileType = wrapper.xcdatamodel; path = LittleLemon.xcdatamodel; sourceTree = "<group>"; };
		B4BA3A4C2B3E301400A56D6A /* Dish+CoreDataClass.swift */ = {isa = PBXFileReference; lastKnownFileType = sourcecode.swift; path = "Dish+CoreDataClass.swift"; sourceTree = "<group>"; };
		B4BA3A4D2B3E301400A56D6A /* Dish+CoreDataProperties.swift */ = {isa = PBXFileReference; lastKnownFileType = sourcecode.swift; path = "Dish+CoreDataProperties.swift"; sourceTree = "<group>"; };
		B4BA3A502B3EC13000A56D6A /* UserProfileView.swift */ = {isa = PBXFileReference; lastKnownFileType = sourcecode.swift; path = UserProfileView.swift; sourceTree = "<group>"; };
		B4BA3A522B3EC70D00A56D6A /* UserProfileViewModel.swift */ = {isa = PBXFileReference; lastKnownFileType = sourcecode.swift; path = UserProfileViewModel.swift; sourceTree = "<group>"; };
		B4BA3A542B3EC88400A56D6A /* Constants.swift */ = {isa = PBXFileReference; lastKnownFileType = sourcecode.swift; path = Constants.swift; sourceTree = "<group>"; };
		B4BA3A562B3ED56100A56D6A /* Font+Extension.swift */ = {isa = PBXFileReference; lastKnownFileType = sourcecode.swift; path = "Font+Extension.swift"; sourceTree = "<group>"; };
		B4BA3A582B3F60B000A56D6A /* DishView.swift */ = {isa = PBXFileReference; lastKnownFileType = sourcecode.swift; path = DishView.swift; sourceTree = "<group>"; };
		B4BA3A5A2B3F691F00A56D6A /* Karla-Regular.ttf */ = {isa = PBXFileReference; lastKnownFileType = file; path = "Karla-Regular.ttf"; sourceTree = "<group>"; };
		B4BA3A5B2B3F694700A56D6A /* Karla-Bold.ttf */ = {isa = PBXFileReference; lastKnownFileType = file; path = "Karla-Bold.ttf"; sourceTree = "<group>"; };
		B4BA3A5C2B3F694700A56D6A /* Karla-Medium.ttf */ = {isa = PBXFileReference; lastKnownFileType = file; path = "Karla-Medium.ttf"; sourceTree = "<group>"; };
		B4BA3A5D2B3F694700A56D6A /* Karla-SemiBold.ttf */ = {isa = PBXFileReference; lastKnownFileType = file; path = "Karla-SemiBold.ttf"; sourceTree = "<group>"; };
/* End PBXFileReference section */

/* Begin PBXFrameworksBuildPhase section */
		B4907D052B3CB81200154125 /* Frameworks */ = {
			isa = PBXFrameworksBuildPhase;
			buildActionMask = 2147483647;
			files = (
			);
			runOnlyForDeploymentPostprocessing = 0;
		};
/* End PBXFrameworksBuildPhase section */

/* Begin PBXGroup section */
		B4907CFF2B3CB81200154125 = {
			isa = PBXGroup;
			children = (
				B4907D0A2B3CB81200154125 /* LittleLemon */,
				B4907D092B3CB81200154125 /* Products */,
			);
			sourceTree = "<group>";
		};
		B4907D092B3CB81200154125 /* Products */ = {
			isa = PBXGroup;
			children = (
				B4907D082B3CB81200154125 /* LittleLemon.app */,
			);
			name = Products;
			sourceTree = "<group>";
		};
		B4907D0A2B3CB81200154125 /* LittleLemon */ = {
			isa = PBXGroup;
			children = (
				B4BA3A312B3DDF6B00A56D6A /* Info.plist */,
				B4907D0B2B3CB81200154125 /* LittleLemonApp.swift */,
				B4BA3A452B3E2C4200A56D6A /* Core Data */,
				B4BA3A3E2B3E26D600A56D6A /* ViewModels */,
				B4BA3A392B3E21EB00A56D6A /* Models */,
				B4BA3A232B3D9E5400A56D6A /* Views */,
				B4BA3A322B3E189400A56D6A /* Utils */,
				B4907D0F2B3CB81400154125 /* Assets.xcassets */,
				B4BA3A282B3DDF0F00A56D6A /* fonts */,
				B4907D112B3CB81400154125 /* Preview Content */,
			);
			path = LittleLemon;
			sourceTree = "<group>";
		};
		B4907D112B3CB81400154125 /* Preview Content */ = {
			isa = PBXGroup;
			children = (
				B4907D122B3CB81400154125 /* Preview Assets.xcassets */,
			);
			path = "Preview Content";
			sourceTree = "<group>";
		};
		B4BA3A232B3D9E5400A56D6A /* Views */ = {
			isa = PBXGroup;
			children = (
				B4BA3A352B3E1E1100A56D6A /* HomeView.swift */,
				B4BA3A372B3E1E6800A56D6A /* MenuView.swift */,
				B4BA3A582B3F60B000A56D6A /* DishView.swift */,
				B4A14B452B41425C00F993DA /* HeaderView.swift */,
				B4A14B412B3FF09E00F993DA /* CategoryView.swift */,
				B4BA3A242B3D9F9B00A56D6A /* OnboardingView.swift */,
				B4BA3A502B3EC13000A56D6A /* UserProfileView.swift */,
			);
			path = Views;
			sourceTree = "<group>";
		};
		B4BA3A282B3DDF0F00A56D6A /* fonts */ = {
			isa = PBXGroup;
			children = (
				B4BA3A2B2B3DDF2700A56D6A /* MarkaziText-Bold.ttf */,
				B4BA3A2A2B3DDF2700A56D6A /* MarkaziText-Medium.ttf */,
				B4BA3A2C2B3DDF2700A56D6A /* MarkaziText-Regular.ttf */,
				B4BA3A292B3DDF2700A56D6A /* MarkaziText-SemiBold.ttf */,
				B4BA3A5B2B3F694700A56D6A /* Karla-Bold.ttf */,
				B4BA3A5C2B3F694700A56D6A /* Karla-Medium.ttf */,
				B4BA3A5D2B3F694700A56D6A /* Karla-SemiBold.ttf */,
				B4BA3A5A2B3F691F00A56D6A /* Karla-Regular.ttf */,
			);
			path = fonts;
			sourceTree = "<group>";
		};
		B4BA3A322B3E189400A56D6A /* Utils */ = {
			isa = PBXGroup;
			children = (
				B4BA3A332B3E18B400A56D6A /* Color+Extensions.swift */,
				B4BA3A542B3EC88400A56D6A /* Constants.swift */,
				B4BA3A562B3ED56100A56D6A /* Font+Extension.swift */,
			);
			path = Utils;
			sourceTree = "<group>";
		};
		B4BA3A392B3E21EB00A56D6A /* Models */ = {
			isa = PBXGroup;
			children = (
				B4BA3A3A2B3E221400A56D6A /* MenuItem.swift */,
				B4BA3A3C2B3E222A00A56D6A /* MenuList.swift */,
			);
			path = Models;
			sourceTree = "<group>";
		};
		B4BA3A3E2B3E26D600A56D6A /* ViewModels */ = {
			isa = PBXGroup;
			children = (
				B4BA3A262B3D9FC500A56D6A /* OnboardingViewModel.swift */,
				B4BA3A522B3EC70D00A56D6A /* UserProfileViewModel.swift */,
				B4BA3A3F2B3E277000A56D6A /* MenuViewModel.swift */,
			);
			path = ViewModels;
			sourceTree = "<group>";
		};
		B4BA3A452B3E2C4200A56D6A /* Core Data */ = {
			isa = PBXGroup;
			children = (
				B4BA3A4C2B3E301400A56D6A /* Dish+CoreDataClass.swift */,
				B4BA3A4D2B3E301400A56D6A /* Dish+CoreDataProperties.swift */,
				B4BA3A412B3E2BD500A56D6A /* FetchedObjects.swift */,
				B4BA3A422B3E2BD500A56D6A /* Persistence.swift */,
				B4BA3A492B3E2CAD00A56D6A /* LittleLemon.xcdatamodeld */,
			);
			path = "Core Data";
			sourceTree = "<group>";
		};
/* End PBXGroup section */

/* Begin PBXNativeTarget section */
		B4907D072B3CB81200154125 /* LittleLemon */ = {
			isa = PBXNativeTarget;
			buildConfigurationList = B4907D162B3CB81400154125 /* Build configuration list for PBXNativeTarget "LittleLemon" */;
			buildPhases = (
				B4907D042B3CB81200154125 /* Sources */,
				B4907D052B3CB81200154125 /* Frameworks */,
				B4907D062B3CB81200154125 /* Resources */,
			);
			buildRules = (
			);
			dependencies = (
			);
			name = LittleLemon;
			productName = LittleLemon;
			productReference = B4907D082B3CB81200154125 /* LittleLemon.app */;
			productType = "com.apple.product-type.application";
		};
/* End PBXNativeTarget section */

/* Begin PBXProject section */
		B4907D002B3CB81200154125 /* Project object */ = {
			isa = PBXProject;
			attributes = {
				BuildIndependentTargetsInParallel = 1;
				LastSwiftUpdateCheck = 1510;
				LastUpgradeCheck = 1510;
				TargetAttributes = {
					B4907D072B3CB81200154125 = {
						CreatedOnToolsVersion = 15.1;
					};
				};
			};
			buildConfigurationList = B4907D032B3CB81200154125 /* Build configuration list for PBXProject "LittleLemon" */;
			compatibilityVersion = "Xcode 14.0";
			developmentRegion = en;
			hasScannedForEncodings = 0;
			knownRegions = (
				en,
				Base,
			);
			mainGroup = B4907CFF2B3CB81200154125;
			productRefGroup = B4907D092B3CB81200154125 /* Products */;
			projectDirPath = "";
			projectRoot = "";
			targets = (
				B4907D072B3CB81200154125 /* LittleLemon */,
			);
		};
/* End PBXProject section */

/* Begin PBXResourcesBuildPhase section */
		B4907D062B3CB81200154125 /* Resources */ = {
			isa = PBXResourcesBuildPhase;
			buildActionMask = 2147483647;
			files = (
				B4BA3A2E2B3DDF2700A56D6A /* MarkaziText-Medium.ttf in Resources */,
				B4BA3A2D2B3DDF2700A56D6A /* MarkaziText-SemiBold.ttf in Resources */,
				B4907D132B3CB81400154125 /* Preview Assets.xcassets in Resources */,
				B4BA3A2F2B3DDF2700A56D6A /* MarkaziText-Bold.ttf in Resources */,
				B4BA3A302B3DDF2700A56D6A /* MarkaziText-Regular.ttf in Resources */,
				B4907D102B3CB81400154125 /* Assets.xcassets in Resources */,
			);
			runOnlyForDeploymentPostprocessing = 0;
		};
/* End PBXResourcesBuildPhase section */

/* Begin PBXSourcesBuildPhase section */
		B4907D042B3CB81200154125 /* Sources */ = {
			isa = PBXSourcesBuildPhase;
			buildActionMask = 2147483647;
			files = (
				B4BA3A442B3E2BD500A56D6A /* Persistence.swift in Sources */,
				B4BA3A552B3EC88400A56D6A /* Constants.swift in Sources */,
				B4BA3A532B3EC70D00A56D6A /* UserProfileViewModel.swift in Sources */,
				B4BA3A3B2B3E221400A56D6A /* MenuItem.swift in Sources */,
				B4BA3A382B3E1E6800A56D6A /* MenuView.swift in Sources */,
				B4BA3A4F2B3E301400A56D6A /* Dish+CoreDataProperties.swift in Sources */,
				B4BA3A4E2B3E301400A56D6A /* Dish+CoreDataClass.swift in Sources */,
				B4BA3A3D2B3E222A00A56D6A /* MenuList.swift in Sources */,
				B4BA3A402B3E277000A56D6A /* MenuViewModel.swift in Sources */,
				B4BA3A512B3EC13000A56D6A /* UserProfileView.swift in Sources */,
				B4BA3A4B2B3E2CAD00A56D6A /* LittleLemon.xcdatamodeld in Sources */,
				B4BA3A342B3E18B400A56D6A /* Color+Extensions.swift in Sources */,
				B4BA3A252B3D9F9B00A56D6A /* OnboardingView.swift in Sources */,
				B4A14B462B41425C00F993DA /* HeaderView.swift in Sources */,
				B4BA3A362B3E1E1100A56D6A /* HomeView.swift in Sources */,
				B4A14B422B3FF09E00F993DA /* CategoryView.swift in Sources */,
				B4BA3A572B3ED56100A56D6A /* Font+Extension.swift in Sources */,
				B4907D0C2B3CB81200154125 /* LittleLemonApp.swift in Sources */,
				B4BA3A432B3E2BD500A56D6A /* FetchedObjects.swift in Sources */,
				B4BA3A272B3D9FC500A56D6A /* OnboardingViewModel.swift in Sources */,
				B4BA3A592B3F60B000A56D6A /* DishView.swift in Sources */,
			);
			runOnlyForDeploymentPostprocessing = 0;
		};
/* End PBXSourcesBuildPhase section */

/* Begin XCBuildConfiguration section */
		B4907D142B3CB81400154125 /* Debug */ = {
			isa = XCBuildConfiguration;
			buildSettings = {
				ALWAYS_SEARCH_USER_PATHS = NO;
				ASSETCATALOG_COMPILER_GENERATE_SWIFT_ASSET_SYMBOL_EXTENSIONS = YES;
				CLANG_ANALYZER_NONNULL = YES;
				CLANG_ANALYZER_NUMBER_OBJECT_CONVERSION = YES_AGGRESSIVE;
				CLANG_CXX_LANGUAGE_STANDARD = "gnu++20";
				CLANG_ENABLE_MODULES = YES;
				CLANG_ENABLE_OBJC_ARC = YES;
				CLANG_ENABLE_OBJC_WEAK = YES;
				CLANG_WARN_BLOCK_CAPTURE_AUTORELEASING = YES;
				CLANG_WARN_BOOL_CONVERSION = YES;
				CLANG_WARN_COMMA = YES;
				CLANG_WARN_CONSTANT_CONVERSION = YES;
				CLANG_WARN_DEPRECATED_OBJC_IMPLEMENTATIONS = YES;
				CLANG_WARN_DIRECT_OBJC_ISA_USAGE = YES_ERROR;
				CLANG_WARN_DOCUMENTATION_COMMENTS = YES;
				CLANG_WARN_EMPTY_BODY = YES;
				CLANG_WARN_ENUM_CONVERSION = YES;
				CLANG_WARN_INFINITE_RECURSION = YES;
				CLANG_WARN_INT_CONVERSION = YES;
				CLANG_WARN_NON_LITERAL_NULL_CONVERSION = YES;
				CLANG_WARN_OBJC_IMPLICIT_RETAIN_SELF = YES;
				CLANG_WARN_OBJC_LITERAL_CONVERSION = YES;
				CLANG_WARN_OBJC_ROOT_CLASS = YES_ERROR;
				CLANG_WARN_QUOTED_INCLUDE_IN_FRAMEWORK_HEADER = YES;
				CLANG_WARN_RANGE_LOOP_ANALYSIS = YES;
				CLANG_WARN_STRICT_PROTOTYPES = YES;
				CLANG_WARN_SUSPICIOUS_MOVE = YES;
				CLANG_WARN_UNGUARDED_AVAILABILITY = YES_AGGRESSIVE;
				CLANG_WARN_UNREACHABLE_CODE = YES;
				CLANG_WARN__DUPLICATE_METHOD_MATCH = YES;
				COPY_PHASE_STRIP = NO;
				DEBUG_INFORMATION_FORMAT = dwarf;
				ENABLE_STRICT_OBJC_MSGSEND = YES;
				ENABLE_TESTABILITY = YES;
				ENABLE_USER_SCRIPT_SANDBOXING = YES;
				GCC_C_LANGUAGE_STANDARD = gnu17;
				GCC_DYNAMIC_NO_PIC = NO;
				GCC_NO_COMMON_BLOCKS = YES;
				GCC_OPTIMIZATION_LEVEL = 0;
				GCC_PREPROCESSOR_DEFINITIONS = (
					"DEBUG=1",
					"$(inherited)",
				);
				GCC_WARN_64_TO_32_BIT_CONVERSION = YES;
				GCC_WARN_ABOUT_RETURN_TYPE = YES_ERROR;
				GCC_WARN_UNDECLARED_SELECTOR = YES;
				GCC_WARN_UNINITIALIZED_AUTOS = YES_AGGRESSIVE;
				GCC_WARN_UNUSED_FUNCTION = YES;
				GCC_WARN_UNUSED_VARIABLE = YES;
				IPHONEOS_DEPLOYMENT_TARGET = 16.0;
				LOCALIZATION_PREFERS_STRING_CATALOGS = YES;
				MTL_ENABLE_DEBUG_INFO = INCLUDE_SOURCE;
				MTL_FAST_MATH = YES;
				ONLY_ACTIVE_ARCH = YES;
				SDKROOT = iphoneos;
				SWIFT_ACTIVE_COMPILATION_CONDITIONS = "DEBUG $(inherited)";
				SWIFT_OPTIMIZATION_LEVEL = "-Onone";
			};
			name = Debug;
		};
		B4907D152B3CB81400154125 /* Release */ = {
			isa = XCBuildConfiguration;
			buildSettings = {
				ALWAYS_SEARCH_USER_PATHS = NO;
				ASSETCATALOG_COMPILER_GENERATE_SWIFT_ASSET_SYMBOL_EXTENSIONS = YES;
				CLANG_ANALYZER_NONNULL = YES;
				CLANG_ANALYZER_NUMBER_OBJECT_CONVERSION = YES_AGGRESSIVE;
				CLANG_CXX_LANGUAGE_STANDARD = "gnu++20";
				CLANG_ENABLE_MODULES = YES;
				CLANG_ENABLE_OBJC_ARC = YES;
				CLANG_ENABLE_OBJC_WEAK = YES;
				CLANG_WARN_BLOCK_CAPTURE_AUTORELEASING = YES;
				CLANG_WARN_BOOL_CONVERSION = YES;
				CLANG_WARN_COMMA = YES;
				CLANG_WARN_CONSTANT_CONVERSION = YES;
				CLANG_WARN_DEPRECATED_OBJC_IMPLEMENTATIONS = YES;
				CLANG_WARN_DIRECT_OBJC_ISA_USAGE = YES_ERROR;
				CLANG_WARN_DOCUMENTATION_COMMENTS = YES;
				CLANG_WARN_EMPTY_BODY = YES;
				CLANG_WARN_ENUM_CONVERSION = YES;
				CLANG_WARN_INFINITE_RECURSION = YES;
				CLANG_WARN_INT_CONVERSION = YES;
				CLANG_WARN_NON_LITERAL_NULL_CONVERSION = YES;
				CLANG_WARN_OBJC_IMPLICIT_RETAIN_SELF = YES;
				CLANG_WARN_OBJC_LITERAL_CONVERSION = YES;
				CLANG_WARN_OBJC_ROOT_CLASS = YES_ERROR;
				CLANG_WARN_QUOTED_INCLUDE_IN_FRAMEWORK_HEADER = YES;
				CLANG_WARN_RANGE_LOOP_ANALYSIS = YES;
				CLANG_WARN_STRICT_PROTOTYPES = YES;
				CLANG_WARN_SUSPICIOUS_MOVE = YES;
				CLANG_WARN_UNGUARDED_AVAILABILITY = YES_AGGRESSIVE;
				CLANG_WARN_UNREACHABLE_CODE = YES;
				CLANG_WARN__DUPLICATE_METHOD_MATCH = YES;
				COPY_PHASE_STRIP = NO;
				DEBUG_INFORMATION_FORMAT = "dwarf-with-dsym";
				ENABLE_NS_ASSERTIONS = NO;
				ENABLE_STRICT_OBJC_MSGSEND = YES;
				ENABLE_USER_SCRIPT_SANDBOXING = YES;
				GCC_C_LANGUAGE_STANDARD = gnu17;
				GCC_NO_COMMON_BLOCKS = YES;
				GCC_WARN_64_TO_32_BIT_CONVERSION = YES;
				GCC_WARN_ABOUT_RETURN_TYPE = YES_ERROR;
				GCC_WARN_UNDECLARED_SELECTOR = YES;
				GCC_WARN_UNINITIALIZED_AUTOS = YES_AGGRESSIVE;
				GCC_WARN_UNUSED_FUNCTION = YES;
				GCC_WARN_UNUSED_VARIABLE = YES;
				IPHONEOS_DEPLOYMENT_TARGET = 16.0;
				LOCALIZATION_PREFERS_STRING_CATALOGS = YES;
				MTL_ENABLE_DEBUG_INFO = NO;
				MTL_FAST_MATH = YES;
				SDKROOT = iphoneos;
				SWIFT_COMPILATION_MODE = wholemodule;
				VALIDATE_PRODUCT = YES;
			};
			name = Release;
		};
		B4907D172B3CB81400154125 /* Debug */ = {
			isa = XCBuildConfiguration;
			buildSettings = {
				ASSETCATALOG_COMPILER_APPICON_NAME = AppIcon;
				ASSETCATALOG_COMPILER_GLOBAL_ACCENT_COLOR_NAME = AccentColor;
				CODE_SIGN_STYLE = Automatic;
				CURRENT_PROJECT_VERSION = 1;
				DEVELOPMENT_ASSET_PATHS = "\"LittleLemon/Preview Content\"";
				ENABLE_PREVIEWS = YES;
				GENERATE_INFOPLIST_FILE = YES;
				INFOPLIST_FILE = LittleLemon/Info.plist;
				INFOPLIST_KEY_UIApplicationSupportsIndirectInputEvents = YES;
				INFOPLIST_KEY_UILaunchScreen_Generation = YES;
				INFOPLIST_KEY_UISupportedInterfaceOrientations_iPad = "UIInterfaceOrientationPortrait UIInterfaceOrientationPortraitUpsideDown UIInterfaceOrientationLandscapeLeft UIInterfaceOrientationLandscapeRight";
				INFOPLIST_KEY_UISupportedInterfaceOrientations_iPhone = "UIInterfaceOrientationPortrait UIInterfaceOrientationLandscapeLeft UIInterfaceOrientationLandscapeRight";
				IPHONEOS_DEPLOYMENT_TARGET = 16.0;
				LD_RUNPATH_SEARCH_PATHS = (
					"$(inherited)",
					"@executable_path/Frameworks",
				);
				MARKETING_VERSION = 1.0;
				PRODUCT_BUNDLE_IDENTIFIER = com.mohcine.LittleLemon;
				PRODUCT_NAME = "$(TARGET_NAME)";
				SWIFT_EMIT_LOC_STRINGS = YES;
				SWIFT_VERSION = 5.0;
				TARGETED_DEVICE_FAMILY = "1,2";
			};
			name = Debug;
		};
		B4907D182B3CB81400154125 /* Release */ = {
			isa = XCBuildConfiguration;
			buildSettings = {
				ASSETCATALOG_COMPILER_APPICON_NAME = AppIcon;
				ASSETCATALOG_COMPILER_GLOBAL_ACCENT_COLOR_NAME = AccentColor;
				CODE_SIGN_STYLE = Automatic;
				CURRENT_PROJECT_VERSION = 1;
				DEVELOPMENT_ASSET_PATHS = "\"LittleLemon/Preview Content\"";
				ENABLE_PREVIEWS = YES;
				GENERATE_INFOPLIST_FILE = YES;
				INFOPLIST_FILE = LittleLemon/Info.plist;
				INFOPLIST_KEY_UIApplicationSupportsIndirectInputEvents = YES;
				INFOPLIST_KEY_UILaunchScreen_Generation = YES;
				INFOPLIST_KEY_UISupportedInterfaceOrientations_iPad = "UIInterfaceOrientationPortrait UIInterfaceOrientationPortraitUpsideDown UIInterfaceOrientationLandscapeLeft UIInterfaceOrientationLandscapeRight";
				INFOPLIST_KEY_UISupportedInterfaceOrientations_iPhone = "UIInterfaceOrientationPortrait UIInterfaceOrientationLandscapeLeft UIInterfaceOrientationLandscapeRight";
				IPHONEOS_DEPLOYMENT_TARGET = 16.0;
				LD_RUNPATH_SEARCH_PATHS = (
					"$(inherited)",
					"@executable_path/Frameworks",
				);
				MARKETING_VERSION = 1.0;
				PRODUCT_BUNDLE_IDENTIFIER = com.mohcine.LittleLemon;
				PRODUCT_NAME = "$(TARGET_NAME)";
				SWIFT_EMIT_LOC_STRINGS = YES;
				SWIFT_VERSION = 5.0;
				TARGETED_DEVICE_FAMILY = "1,2";
			};
			name = Release;
		};
/* End XCBuildConfiguration section */

/* Begin XCConfigurationList section */
		B4907D032B3CB81200154125 /* Build configuration list for PBXProject "LittleLemon" */ = {
			isa = XCConfigurationList;
			buildConfigurations = (
				B4907D142B3CB81400154125 /* Debug */,
				B4907D152B3CB81400154125 /* Release */,
			);
			defaultConfigurationIsVisible = 0;
			defaultConfigurationName = Release;
		};
		B4907D162B3CB81400154125 /* Build configuration list for PBXNativeTarget "LittleLemon" */ = {
			isa = XCConfigurationList;
			buildConfigurations = (
				B4907D172B3CB81400154125 /* Debug */,
				B4907D182B3CB81400154125 /* Release */,
			);
			defaultConfigurationIsVisible = 0;
			defaultConfigurationName = Release;
		};
/* End XCConfigurationList section */

/* Begin XCVersionGroup section */
		B4BA3A492B3E2CAD00A56D6A /* LittleLemon.xcdatamodeld */ = {
			isa = XCVersionGroup;
			children = (
				B4BA3A4A2B3E2CAD00A56D6A /* LittleLemon.xcdatamodel */,
			);
			currentVersion = B4BA3A4A2B3E2CAD00A56D6A /* LittleLemon.xcdatamodel */;
			path = LittleLemon.xcdatamodeld;
			sourceTree = "<group>";
			versionGroupType = wrapper.xcdatamodel;
		};
/* End XCVersionGroup section */
	};
	rootObject = B4907D002B3CB81200154125 /* Project object */;
}
